// !$*UTF8*$!
{
	archiveVersion = 1;
	classes = {
	};
	objectVersion = 56;
	objects = {

/* Begin PBXBuildFile section */
		455D07F129732B4800D56344 /* WeatherStationApp.swift in Sources */ = {isa = PBXBuildFile; fileRef = 455D07F029732B4800D56344 /* WeatherStationApp.swift */; };
		455D07F329732B4800D56344 /* ContentView.swift in Sources */ = {isa = PBXBuildFile; fileRef = 455D07F229732B4800D56344 /* ContentView.swift */; };
		455D07F529732B4A00D56344 /* Assets.xcassets in Resources */ = {isa = PBXBuildFile; fileRef = 455D07F429732B4A00D56344 /* Assets.xcassets */; };
		455D07F829732B4A00D56344 /* Preview Assets.xcassets in Resources */ = {isa = PBXBuildFile; fileRef = 455D07F729732B4A00D56344 /* Preview Assets.xcassets */; };
		455D081C29732D3B00D56344 /* Factory in Frameworks */ = {isa = PBXBuildFile; productRef = 455D081B29732D3B00D56344 /* Factory */; };
		455D082429732E7100D56344 /* WeatherStation+Injection.swift in Sources */ = {isa = PBXBuildFile; fileRef = 455D082329732E7100D56344 /* WeatherStation+Injection.swift */; };
		455D082629732E9E00D56344 /* AppError.swift in Sources */ = {isa = PBXBuildFile; fileRef = 455D082529732E9E00D56344 /* AppError.swift */; };
		455D082829732EF700D56344 /* Station.swift in Sources */ = {isa = PBXBuildFile; fileRef = 455D082729732EF700D56344 /* Station.swift */; };
		455D082A29732F4000D56344 /* Data+Extensions.swift in Sources */ = {isa = PBXBuildFile; fileRef = 455D082929732F4000D56344 /* Data+Extensions.swift */; };
		455D082C29732F6400D56344 /* URLSession+URLSessionAPI.swift in Sources */ = {isa = PBXBuildFile; fileRef = 455D082B29732F6400D56344 /* URLSession+URLSessionAPI.swift */; };
		455D082E29732F8100D56344 /* NetworkService.swift in Sources */ = {isa = PBXBuildFile; fileRef = 455D082D29732F8100D56344 /* NetworkService.swift */; };
		455D083029732F9400D56344 /* DefaultNetworkService.swift in Sources */ = {isa = PBXBuildFile; fileRef = 455D082F29732F9400D56344 /* DefaultNetworkService.swift */; };
		455D083229732FA300D56344 /* URLService.swift in Sources */ = {isa = PBXBuildFile; fileRef = 455D083129732FA300D56344 /* URLService.swift */; };
		455D083429732FB700D56344 /* DefaultURLService.swift in Sources */ = {isa = PBXBuildFile; fileRef = 455D083329732FB700D56344 /* DefaultURLService.swift */; };
		455D08362973302700D56344 /* Day.swift in Sources */ = {isa = PBXBuildFile; fileRef = 455D08352973302700D56344 /* Day.swift */; };
		455D08392973334600D56344 /* Mockingbird in Frameworks */ = {isa = PBXBuildFile; productRef = 455D08382973334600D56344 /* Mockingbird */; };
		455D083E2973340800D56344 /* DefaultNetworkServiceTests.swift in Sources */ = {isa = PBXBuildFile; fileRef = 455D083D2973340800D56344 /* DefaultNetworkServiceTests.swift */; };
		455D08412973343300D56344 /* XCTest+XCTAssertThrowsError.swift in Sources */ = {isa = PBXBuildFile; fileRef = 455D08402973343300D56344 /* XCTest+XCTAssertThrowsError.swift */; };
		45A0E30929733C2D006D0700 /* WeatherStationTests-WeatherStationMocks.generated.swift in Sources */ = {isa = PBXBuildFile; fileRef = 45A0E30829733C2D006D0700 /* WeatherStationTests-WeatherStationMocks.generated.swift */; };
/* End PBXBuildFile section */

/* Begin PBXContainerItemProxy section */
		455D07FE29732B4B00D56344 /* PBXContainerItemProxy */ = {
			isa = PBXContainerItemProxy;
			containerPortal = 455D07E529732B4800D56344 /* Project object */;
			proxyType = 1;
			remoteGlobalIDString = 455D07EC29732B4800D56344;
			remoteInfo = WeatherStation;
		};
/* End PBXContainerItemProxy section */

/* Begin PBXFileReference section */
		455D07ED29732B4800D56344 /* WeatherStation.app */ = {isa = PBXFileReference; explicitFileType = wrapper.application; includeInIndex = 0; path = WeatherStation.app; sourceTree = BUILT_PRODUCTS_DIR; };
		455D07F029732B4800D56344 /* WeatherStationApp.swift */ = {isa = PBXFileReference; lastKnownFileType = sourcecode.swift; path = WeatherStationApp.swift; sourceTree = "<group>"; };
		455D07F229732B4800D56344 /* ContentView.swift */ = {isa = PBXFileReference; lastKnownFileType = sourcecode.swift; path = ContentView.swift; sourceTree = "<group>"; };
		455D07F429732B4A00D56344 /* Assets.xcassets */ = {isa = PBXFileReference; lastKnownFileType = folder.assetcatalog; path = Assets.xcassets; sourceTree = "<group>"; };
		455D07F729732B4A00D56344 /* Preview Assets.xcassets */ = {isa = PBXFileReference; lastKnownFileType = folder.assetcatalog; path = "Preview Assets.xcassets"; sourceTree = "<group>"; };
		455D07FD29732B4B00D56344 /* WeatherStationTests.xctest */ = {isa = PBXFileReference; explicitFileType = wrapper.cfbundle; includeInIndex = 0; path = WeatherStationTests.xctest; sourceTree = BUILT_PRODUCTS_DIR; };
		455D082329732E7100D56344 /* WeatherStation+Injection.swift */ = {isa = PBXFileReference; lastKnownFileType = sourcecode.swift; path = "WeatherStation+Injection.swift"; sourceTree = "<group>"; };
		455D082529732E9E00D56344 /* AppError.swift */ = {isa = PBXFileReference; lastKnownFileType = sourcecode.swift; path = AppError.swift; sourceTree = "<group>"; };
		455D082729732EF700D56344 /* Station.swift */ = {isa = PBXFileReference; lastKnownFileType = sourcecode.swift; path = Station.swift; sourceTree = "<group>"; };
		455D082929732F4000D56344 /* Data+Extensions.swift */ = {isa = PBXFileReference; lastKnownFileType = sourcecode.swift; path = "Data+Extensions.swift"; sourceTree = "<group>"; };
		455D082B29732F6400D56344 /* URLSession+URLSessionAPI.swift */ = {isa = PBXFileReference; lastKnownFileType = sourcecode.swift; path = "URLSession+URLSessionAPI.swift"; sourceTree = "<group>"; };
		455D082D29732F8100D56344 /* NetworkService.swift */ = {isa = PBXFileReference; lastKnownFileType = sourcecode.swift; path = NetworkService.swift; sourceTree = "<group>"; };
		455D082F29732F9400D56344 /* DefaultNetworkService.swift */ = {isa = PBXFileReference; lastKnownFileType = sourcecode.swift; path = DefaultNetworkService.swift; sourceTree = "<group>"; };
		455D083129732FA300D56344 /* URLService.swift */ = {isa = PBXFileReference; lastKnownFileType = sourcecode.swift; path = URLService.swift; sourceTree = "<group>"; };
		455D083329732FB700D56344 /* DefaultURLService.swift */ = {isa = PBXFileReference; lastKnownFileType = sourcecode.swift; path = DefaultURLService.swift; sourceTree = "<group>"; };
		455D08352973302700D56344 /* Day.swift */ = {isa = PBXFileReference; lastKnownFileType = sourcecode.swift; path = Day.swift; sourceTree = "<group>"; };
		455D083D2973340800D56344 /* DefaultNetworkServiceTests.swift */ = {isa = PBXFileReference; lastKnownFileType = sourcecode.swift; path = DefaultNetworkServiceTests.swift; sourceTree = "<group>"; };
		455D08402973343300D56344 /* XCTest+XCTAssertThrowsError.swift */ = {isa = PBXFileReference; lastKnownFileType = sourcecode.swift; path = "XCTest+XCTAssertThrowsError.swift"; sourceTree = "<group>"; };
		455D08452973380B00D56344 /* Info.plist */ = {isa = PBXFileReference; lastKnownFileType = text.plist.xml; path = Info.plist; sourceTree = "<group>"; };
		45A0E30829733C2D006D0700 /* WeatherStationTests-WeatherStationMocks.generated.swift */ = {isa = PBXFileReference; fileEncoding = 4; lastKnownFileType = sourcecode.swift; path = "WeatherStationTests-WeatherStationMocks.generated.swift"; sourceTree = "<group>"; };
/* End PBXFileReference section */

/* Begin PBXFrameworksBuildPhase section */
		455D07EA29732B4800D56344 /* Frameworks */ = {
			isa = PBXFrameworksBuildPhase;
			buildActionMask = 2147483647;
			files = (
				455D081C29732D3B00D56344 /* Factory in Frameworks */,
			);
			runOnlyForDeploymentPostprocessing = 0;
		};
		455D07FA29732B4B00D56344 /* Frameworks */ = {
			isa = PBXFrameworksBuildPhase;
			buildActionMask = 2147483647;
			files = (
				455D08392973334600D56344 /* Mockingbird in Frameworks */,
			);
			runOnlyForDeploymentPostprocessing = 0;
		};
/* End PBXFrameworksBuildPhase section */

/* Begin PBXGroup section */
		455D07E429732B4800D56344 = {
			isa = PBXGroup;
			children = (
				455D07EF29732B4800D56344 /* WeatherStation */,
				455D080029732B4B00D56344 /* WeatherStationTests */,
				455D07EE29732B4800D56344 /* Products */,
			);
			sourceTree = "<group>";
		};
		455D07EE29732B4800D56344 /* Products */ = {
			isa = PBXGroup;
			children = (
				455D07ED29732B4800D56344 /* WeatherStation.app */,
				455D07FD29732B4B00D56344 /* WeatherStationTests.xctest */,
			);
			name = Products;
			sourceTree = "<group>";
		};
		455D07EF29732B4800D56344 /* WeatherStation */ = {
			isa = PBXGroup;
			children = (
				455D081E29732DA300D56344 /* App */,
				455D081D29732D7E00D56344 /* Models */,
				455D07F629732B4A00D56344 /* Preview Content */,
				455D082129732DC600D56344 /* Services */,
				455D081F29732DAB00D56344 /* SupportingFiles */,
				455D082029732DB800D56344 /* ViewsViewModels */,
			);
			path = WeatherStation;
			sourceTree = "<group>";
		};
		455D07F629732B4A00D56344 /* Preview Content */ = {
			isa = PBXGroup;
			children = (
				455D07F729732B4A00D56344 /* Preview Assets.xcassets */,
			);
			path = "Preview Content";
			sourceTree = "<group>";
		};
		455D080029732B4B00D56344 /* WeatherStationTests */ = {
			isa = PBXGroup;
			children = (
				455D08422973344D00D56344 /* MockingbirdMocks */,
				455D083F2973341500D56344 /* Extensions */,
				455D083B297333C700D56344 /* UnitTests */,
			);
			path = WeatherStationTests;
			sourceTree = "<group>";
		};
		455D081D29732D7E00D56344 /* Models */ = {
			isa = PBXGroup;
			children = (
				455D082529732E9E00D56344 /* AppError.swift */,
				455D08352973302700D56344 /* Day.swift */,
				455D082729732EF700D56344 /* Station.swift */,
			);
			path = Models;
			sourceTree = "<group>";
		};
		455D081E29732DA300D56344 /* App */ = {
			isa = PBXGroup;
			children = (
				455D07F029732B4800D56344 /* WeatherStationApp.swift */,
				455D082329732E7100D56344 /* WeatherStation+Injection.swift */,
			);
			path = App;
			sourceTree = "<group>";
		};
		455D081F29732DAB00D56344 /* SupportingFiles */ = {
			isa = PBXGroup;
			children = (
				455D08452973380B00D56344 /* Info.plist */,
				455D07F429732B4A00D56344 /* Assets.xcassets */,
			);
			path = SupportingFiles;
			sourceTree = "<group>";
		};
		455D082029732DB800D56344 /* ViewsViewModels */ = {
			isa = PBXGroup;
			children = (
				455D07F229732B4800D56344 /* ContentView.swift */,
			);
			path = ViewsViewModels;
			sourceTree = "<group>";
		};
		455D082129732DC600D56344 /* Services */ = {
			isa = PBXGroup;
			children = (
				455D082D29732F8100D56344 /* NetworkService.swift */,
				455D082F29732F9400D56344 /* DefaultNetworkService.swift */,
				455D083129732FA300D56344 /* URLService.swift */,
				455D083329732FB700D56344 /* DefaultURLService.swift */,
				455D082229732DD800D56344 /* Extensions */,
			);
			path = Services;
			sourceTree = "<group>";
		};
		455D082229732DD800D56344 /* Extensions */ = {
			isa = PBXGroup;
			children = (
				455D082929732F4000D56344 /* Data+Extensions.swift */,
				455D082B29732F6400D56344 /* URLSession+URLSessionAPI.swift */,
			);
			path = Extensions;
			sourceTree = "<group>";
		};
		455D083B297333C700D56344 /* UnitTests */ = {
			isa = PBXGroup;
			children = (
				455D083C297333E200D56344 /* ServiceTests */,
			);
			path = UnitTests;
			sourceTree = "<group>";
		};
		455D083C297333E200D56344 /* ServiceTests */ = {
			isa = PBXGroup;
			children = (
				455D083D2973340800D56344 /* DefaultNetworkServiceTests.swift */,
			);
			path = ServiceTests;
			sourceTree = "<group>";
		};
		455D083F2973341500D56344 /* Extensions */ = {
			isa = PBXGroup;
			children = (
				455D08402973343300D56344 /* XCTest+XCTAssertThrowsError.swift */,
			);
			path = Extensions;
			sourceTree = "<group>";
		};
		455D08422973344D00D56344 /* MockingbirdMocks */ = {
			isa = PBXGroup;
			children = (
				45A0E30829733C2D006D0700 /* WeatherStationTests-WeatherStationMocks.generated.swift */,
			);
			path = MockingbirdMocks;
			sourceTree = "<group>";
		};
/* End PBXGroup section */

/* Begin PBXNativeTarget section */
		455D07EC29732B4800D56344 /* WeatherStation */ = {
			isa = PBXNativeTarget;
			buildConfigurationList = 455D081129732B4B00D56344 /* Build configuration list for PBXNativeTarget "WeatherStation" */;
			buildPhases = (
				455D07E929732B4800D56344 /* Sources */,
				455D07EA29732B4800D56344 /* Frameworks */,
				455D07EB29732B4800D56344 /* Resources */,
			);
			buildRules = (
			);
			dependencies = (
			);
			name = WeatherStation;
			packageProductDependencies = (
				455D081B29732D3B00D56344 /* Factory */,
			);
			productName = WeatherStation;
			productReference = 455D07ED29732B4800D56344 /* WeatherStation.app */;
			productType = "com.apple.product-type.application";
		};
		455D07FC29732B4B00D56344 /* WeatherStationTests */ = {
			isa = PBXNativeTarget;
			buildConfigurationList = 455D081429732B4B00D56344 /* Build configuration list for PBXNativeTarget "WeatherStationTests" */;
			buildPhases = (
				455D083A2973335A00D56344 /* Generate Mockingbird Mocks */,
				455D07F929732B4B00D56344 /* Sources */,
				455D07FA29732B4B00D56344 /* Frameworks */,
				455D07FB29732B4B00D56344 /* Resources */,
			);
			buildRules = (
			);
			dependencies = (
				455D07FF29732B4B00D56344 /* PBXTargetDependency */,
			);
			name = WeatherStationTests;
			packageProductDependencies = (
				455D08382973334600D56344 /* Mockingbird */,
			);
			productName = WeatherStationTests;
			productReference = 455D07FD29732B4B00D56344 /* WeatherStationTests.xctest */;
			productType = "com.apple.product-type.bundle.unit-test";
		};
/* End PBXNativeTarget section */

/* Begin PBXProject section */
		455D07E529732B4800D56344 /* Project object */ = {
			isa = PBXProject;
			attributes = {
				BuildIndependentTargetsInParallel = 1;
				LastSwiftUpdateCheck = 1420;
				LastUpgradeCheck = 1420;
				TargetAttributes = {
					455D07EC29732B4800D56344 = {
						CreatedOnToolsVersion = 14.2;
					};
					455D07FC29732B4B00D56344 = {
						CreatedOnToolsVersion = 14.2;
						TestTargetID = 455D07EC29732B4800D56344;
					};
				};
			};
			buildConfigurationList = 455D07E829732B4800D56344 /* Build configuration list for PBXProject "WeatherStation" */;
			compatibilityVersion = "Xcode 14.0";
			developmentRegion = en;
			hasScannedForEncodings = 0;
			knownRegions = (
				en,
				Base,
			);
			mainGroup = 455D07E429732B4800D56344;
			packageReferences = (
				455D081A29732D3B00D56344 /* XCRemoteSwiftPackageReference "Factory" */,
				455D08372973334600D56344 /* XCRemoteSwiftPackageReference "mockingbird" */,
			);
			productRefGroup = 455D07EE29732B4800D56344 /* Products */;
			projectDirPath = "";
			projectRoot = "";
			targets = (
				455D07EC29732B4800D56344 /* WeatherStation */,
				455D07FC29732B4B00D56344 /* WeatherStationTests */,
			);
		};
/* End PBXProject section */

/* Begin PBXResourcesBuildPhase section */
		455D07EB29732B4800D56344 /* Resources */ = {
			isa = PBXResourcesBuildPhase;
			buildActionMask = 2147483647;
			files = (
				455D07F829732B4A00D56344 /* Preview Assets.xcassets in Resources */,
				455D07F529732B4A00D56344 /* Assets.xcassets in Resources */,
			);
			runOnlyForDeploymentPostprocessing = 0;
		};
		455D07FB29732B4B00D56344 /* Resources */ = {
			isa = PBXResourcesBuildPhase;
			buildActionMask = 2147483647;
			files = (
			);
			runOnlyForDeploymentPostprocessing = 0;
		};
/* End PBXResourcesBuildPhase section */

/* Begin PBXShellScriptBuildPhase section */
		455D083A2973335A00D56344 /* Generate Mockingbird Mocks */ = {
			isa = PBXShellScriptBuildPhase;
			alwaysOutOfDate = 1;
			buildActionMask = 2147483647;
			files = (
			);
			inputFileListPaths = (
			);
			inputPaths = (
			);
			name = "Generate Mockingbird Mocks";
			outputFileListPaths = (
			);
			outputPaths = (
				"${SRCROOT}/WeatherStationTests/MockingbirdMocks/WeatherStationTests-WeatherStationMocks.generated.swift",
			);
			runOnlyForDeploymentPostprocessing = 0;
			shellPath = /bin/sh;
			shellScript = "set -eu\n\n# Prevent Xcode 13 from running this script while indexing.\n[[ \"${ACTION}\" == \"indexbuild\" ]] && exit 0\n\n# Infer the derived data location from the build environment.\n[[ -z \"${DERIVED_DATA+x}\" ]] && DERIVED_DATA=\"$(echo \"${BUILD_ROOT}\" | sed -n 's|\\(.*\\)/Build/.*|\\1|p')\"\n\n\"${DERIVED_DATA}/SourcePackages/checkouts/mockingbird/mockingbird\" generate --targets \"WeatherStation\" --outputs \"${SRCROOT}/WeatherStationTests/MockingbirdMocks/WeatherStationTests-WeatherStationMocks.generated.swift\" --only-protocols --disable-swiftlint\n";
		};
/* End PBXShellScriptBuildPhase section */

/* Begin PBXSourcesBuildPhase section */
		455D07E929732B4800D56344 /* Sources */ = {
			isa = PBXSourcesBuildPhase;
			buildActionMask = 2147483647;
			files = (
				455D082629732E9E00D56344 /* AppError.swift in Sources */,
				455D082829732EF700D56344 /* Station.swift in Sources */,
				455D08362973302700D56344 /* Day.swift in Sources */,
				455D082E29732F8100D56344 /* NetworkService.swift in Sources */,
				455D083229732FA300D56344 /* URLService.swift in Sources */,
				455D082C29732F6400D56344 /* URLSession+URLSessionAPI.swift in Sources */,
				455D082429732E7100D56344 /* WeatherStation+Injection.swift in Sources */,
				455D083029732F9400D56344 /* DefaultNetworkService.swift in Sources */,
				455D083429732FB700D56344 /* DefaultURLService.swift in Sources */,
				455D082A29732F4000D56344 /* Data+Extensions.swift in Sources */,
				455D07F329732B4800D56344 /* ContentView.swift in Sources */,
				455D07F129732B4800D56344 /* WeatherStationApp.swift in Sources */,
			);
			runOnlyForDeploymentPostprocessing = 0;
		};
		455D07F929732B4B00D56344 /* Sources */ = {
			isa = PBXSourcesBuildPhase;
			buildActionMask = 2147483647;
			files = (
				455D08412973343300D56344 /* XCTest+XCTAssertThrowsError.swift in Sources */,
				455D083E2973340800D56344 /* DefaultNetworkServiceTests.swift in Sources */,
				45A0E30929733C2D006D0700 /* WeatherStationTests-WeatherStationMocks.generated.swift in Sources */,
			);
			runOnlyForDeploymentPostprocessing = 0;
		};
/* End PBXSourcesBuildPhase section */

/* Begin PBXTargetDependency section */
		455D07FF29732B4B00D56344 /* PBXTargetDependency */ = {
			isa = PBXTargetDependency;
			target = 455D07EC29732B4800D56344 /* WeatherStation */;
			targetProxy = 455D07FE29732B4B00D56344 /* PBXContainerItemProxy */;
		};
/* End PBXTargetDependency section */

/* Begin XCBuildConfiguration section */
		455D080F29732B4B00D56344 /* Debug */ = {
			isa = XCBuildConfiguration;
			buildSettings = {
				ALWAYS_SEARCH_USER_PATHS = NO;
				CLANG_ANALYZER_NONNULL = YES;
				CLANG_ANALYZER_NUMBER_OBJECT_CONVERSION = YES_AGGRESSIVE;
				CLANG_CXX_LANGUAGE_STANDARD = "gnu++20";
				CLANG_ENABLE_MODULES = YES;
				CLANG_ENABLE_OBJC_ARC = YES;
				CLANG_ENABLE_OBJC_WEAK = YES;
				CLANG_WARN_BLOCK_CAPTURE_AUTORELEASING = YES;
				CLANG_WARN_BOOL_CONVERSION = YES;
				CLANG_WARN_COMMA = YES;
				CLANG_WARN_CONSTANT_CONVERSION = YES;
				CLANG_WARN_DEPRECATED_OBJC_IMPLEMENTATIONS = YES;
				CLANG_WARN_DIRECT_OBJC_ISA_USAGE = YES_ERROR;
				CLANG_WARN_DOCUMENTATION_COMMENTS = YES;
				CLANG_WARN_EMPTY_BODY = YES;
				CLANG_WARN_ENUM_CONVERSION = YES;
				CLANG_WARN_INFINITE_RECURSION = YES;
				CLANG_WARN_INT_CONVERSION = YES;
				CLANG_WARN_NON_LITERAL_NULL_CONVERSION = YES;
				CLANG_WARN_OBJC_IMPLICIT_RETAIN_SELF = YES;
				CLANG_WARN_OBJC_LITERAL_CONVERSION = YES;
				CLANG_WARN_OBJC_ROOT_CLASS = YES_ERROR;
				CLANG_WARN_QUOTED_INCLUDE_IN_FRAMEWORK_HEADER = YES;
				CLANG_WARN_RANGE_LOOP_ANALYSIS = YES;
				CLANG_WARN_STRICT_PROTOTYPES = YES;
				CLANG_WARN_SUSPICIOUS_MOVE = YES;
				CLANG_WARN_UNGUARDED_AVAILABILITY = YES_AGGRESSIVE;
				CLANG_WARN_UNREACHABLE_CODE = YES;
				CLANG_WARN__DUPLICATE_METHOD_MATCH = YES;
				COPY_PHASE_STRIP = NO;
				DEBUG_INFORMATION_FORMAT = dwarf;
				ENABLE_STRICT_OBJC_MSGSEND = YES;
				ENABLE_TESTABILITY = YES;
				GCC_C_LANGUAGE_STANDARD = gnu11;
				GCC_DYNAMIC_NO_PIC = NO;
				GCC_NO_COMMON_BLOCKS = YES;
				GCC_OPTIMIZATION_LEVEL = 0;
				GCC_PREPROCESSOR_DEFINITIONS = (
					"DEBUG=1",
					"$(inherited)",
				);
				GCC_WARN_64_TO_32_BIT_CONVERSION = YES;
				GCC_WARN_ABOUT_RETURN_TYPE = YES_ERROR;
				GCC_WARN_UNDECLARED_SELECTOR = YES;
				GCC_WARN_UNINITIALIZED_AUTOS = YES_AGGRESSIVE;
				GCC_WARN_UNUSED_FUNCTION = YES;
				GCC_WARN_UNUSED_VARIABLE = YES;
				IPHONEOS_DEPLOYMENT_TARGET = 16.2;
				MTL_ENABLE_DEBUG_INFO = INCLUDE_SOURCE;
				MTL_FAST_MATH = YES;
				ONLY_ACTIVE_ARCH = YES;
				SDKROOT = iphoneos;
				SWIFT_ACTIVE_COMPILATION_CONDITIONS = DEBUG;
				SWIFT_OPTIMIZATION_LEVEL = "-Onone";
			};
			name = Debug;
		};
		455D081029732B4B00D56344 /* Release */ = {
			isa = XCBuildConfiguration;
			buildSettings = {
				ALWAYS_SEARCH_USER_PATHS = NO;
				CLANG_ANALYZER_NONNULL = YES;
				CLANG_ANALYZER_NUMBER_OBJECT_CONVERSION = YES_AGGRESSIVE;
				CLANG_CXX_LANGUAGE_STANDARD = "gnu++20";
				CLANG_ENABLE_MODULES = YES;
				CLANG_ENABLE_OBJC_ARC = YES;
				CLANG_ENABLE_OBJC_WEAK = YES;
				CLANG_WARN_BLOCK_CAPTURE_AUTORELEASING = YES;
				CLANG_WARN_BOOL_CONVERSION = YES;
				CLANG_WARN_COMMA = YES;
				CLANG_WARN_CONSTANT_CONVERSION = YES;
				CLANG_WARN_DEPRECATED_OBJC_IMPLEMENTATIONS = YES;
				CLANG_WARN_DIRECT_OBJC_ISA_USAGE = YES_ERROR;
				CLANG_WARN_DOCUMENTATION_COMMENTS = YES;
				CLANG_WARN_EMPTY_BODY = YES;
				CLANG_WARN_ENUM_CONVERSION = YES;
				CLANG_WARN_INFINITE_RECURSION = YES;
				CLANG_WARN_INT_CONVERSION = YES;
				CLANG_WARN_NON_LITERAL_NULL_CONVERSION = YES;
				CLANG_WARN_OBJC_IMPLICIT_RETAIN_SELF = YES;
				CLANG_WARN_OBJC_LITERAL_CONVERSION = YES;
				CLANG_WARN_OBJC_ROOT_CLASS = YES_ERROR;
				CLANG_WARN_QUOTED_INCLUDE_IN_FRAMEWORK_HEADER = YES;
				CLANG_WARN_RANGE_LOOP_ANALYSIS = YES;
				CLANG_WARN_STRICT_PROTOTYPES = YES;
				CLANG_WARN_SUSPICIOUS_MOVE = YES;
				CLANG_WARN_UNGUARDED_AVAILABILITY = YES_AGGRESSIVE;
				CLANG_WARN_UNREACHABLE_CODE = YES;
				CLANG_WARN__DUPLICATE_METHOD_MATCH = YES;
				COPY_PHASE_STRIP = NO;
				DEBUG_INFORMATION_FORMAT = "dwarf-with-dsym";
				ENABLE_NS_ASSERTIONS = NO;
				ENABLE_STRICT_OBJC_MSGSEND = YES;
				GCC_C_LANGUAGE_STANDARD = gnu11;
				GCC_NO_COMMON_BLOCKS = YES;
				GCC_WARN_64_TO_32_BIT_CONVERSION = YES;
				GCC_WARN_ABOUT_RETURN_TYPE = YES_ERROR;
				GCC_WARN_UNDECLARED_SELECTOR = YES;
				GCC_WARN_UNINITIALIZED_AUTOS = YES_AGGRESSIVE;
				GCC_WARN_UNUSED_FUNCTION = YES;
				GCC_WARN_UNUSED_VARIABLE = YES;
				IPHONEOS_DEPLOYMENT_TARGET = 16.2;
				MTL_ENABLE_DEBUG_INFO = NO;
				MTL_FAST_MATH = YES;
				SDKROOT = iphoneos;
				SWIFT_COMPILATION_MODE = wholemodule;
				SWIFT_OPTIMIZATION_LEVEL = "-O";
				VALIDATE_PRODUCT = YES;
			};
			name = Release;
		};
		455D081229732B4B00D56344 /* Debug */ = {
			isa = XCBuildConfiguration;
			buildSettings = {
				ASSETCATALOG_COMPILER_APPICON_NAME = AppIcon;
				ASSETCATALOG_COMPILER_GLOBAL_ACCENT_COLOR_NAME = AccentColor;
				CODE_SIGN_STYLE = Automatic;
				CURRENT_PROJECT_VERSION = 1;
				DEVELOPMENT_ASSET_PATHS = "\"WeatherStation/Preview Content\"";
				DEVELOPMENT_TEAM = 3BY4XC4687;
				ENABLE_PREVIEWS = YES;
				GENERATE_INFOPLIST_FILE = YES;
				INFOPLIST_FILE = WeatherStation/SupportingFiles/Info.plist;
				INFOPLIST_KEY_UIApplicationSupportsIndirectInputEvents = YES;
				INFOPLIST_KEY_UILaunchScreen_Generation = YES;
				INFOPLIST_KEY_UISupportedInterfaceOrientations_iPad = "UIInterfaceOrientationPortrait UIInterfaceOrientationPortraitUpsideDown UIInterfaceOrientationLandscapeLeft UIInterfaceOrientationLandscapeRight";
				INFOPLIST_KEY_UISupportedInterfaceOrientations_iPhone = "UIInterfaceOrientationPortrait UIInterfaceOrientationLandscapeLeft UIInterfaceOrientationLandscapeRight";
				LD_RUNPATH_SEARCH_PATHS = (
					"$(inherited)",
					"@executable_path/Frameworks",
				);
				MARKETING_VERSION = 1.0;
				PRODUCT_BUNDLE_IDENTIFIER = com.ShawnSeals.WeatherStation;
				PRODUCT_NAME = "$(TARGET_NAME)";
				SWIFT_EMIT_LOC_STRINGS = YES;
				SWIFT_VERSION = 5.0;
				TARGETED_DEVICE_FAMILY = "1,2";
			};
			name = Debug;
		};
		455D081329732B4B00D56344 /* Release */ = {
			isa = XCBuildConfiguration;
			buildSettings = {
				ASSETCATALOG_COMPILER_APPICON_NAME = AppIcon;
				ASSETCATALOG_COMPILER_GLOBAL_ACCENT_COLOR_NAME = AccentColor;
				CODE_SIGN_STYLE = Automatic;
				CURRENT_PROJECT_VERSION = 1;
				DEVELOPMENT_ASSET_PATHS = "\"WeatherStation/Preview Content\"";
				DEVELOPMENT_TEAM = 3BY4XC4687;
				ENABLE_PREVIEWS = YES;
				GENERATE_INFOPLIST_FILE = YES;
				INFOPLIST_FILE = WeatherStation/SupportingFiles/Info.plist;
				INFOPLIST_KEY_UIApplicationSupportsIndirectInputEvents = YES;
				INFOPLIST_KEY_UILaunchScreen_Generation = YES;
				INFOPLIST_KEY_UISupportedInterfaceOrientations_iPad = "UIInterfaceOrientationPortrait UIInterfaceOrientationPortraitUpsideDown UIInterfaceOrientationLandscapeLeft UIInterfaceOrientationLandscapeRight";
				INFOPLIST_KEY_UISupportedInterfaceOrientations_iPhone = "UIInterfaceOrientationPortrait UIInterfaceOrientationLandscapeLeft UIInterfaceOrientationLandscapeRight";
				LD_RUNPATH_SEARCH_PATHS = (
					"$(inherited)",
					"@executable_path/Frameworks",
				);
				MARKETING_VERSION = 1.0;
				PRODUCT_BUNDLE_IDENTIFIER = com.ShawnSeals.WeatherStation;
				PRODUCT_NAME = "$(TARGET_NAME)";
				SWIFT_EMIT_LOC_STRINGS = YES;
				SWIFT_VERSION = 5.0;
				TARGETED_DEVICE_FAMILY = "1,2";
			};
			name = Release;
		};
		455D081529732B4B00D56344 /* Debug */ = {
			isa = XCBuildConfiguration;
			buildSettings = {
				ALWAYS_EMBED_SWIFT_STANDARD_LIBRARIES = YES;
				BUNDLE_LOADER = "$(TEST_HOST)";
				CODE_SIGN_STYLE = Automatic;
				CURRENT_PROJECT_VERSION = 1;
				DEVELOPMENT_TEAM = 3BY4XC4687;
				GENERATE_INFOPLIST_FILE = YES;
				IPHONEOS_DEPLOYMENT_TARGET = 16.2;
				MARKETING_VERSION = 1.0;
				PRODUCT_BUNDLE_IDENTIFIER = com.ShawnSeals.WeatherStationTests;
				PRODUCT_NAME = "$(TARGET_NAME)";
				SWIFT_EMIT_LOC_STRINGS = NO;
				SWIFT_VERSION = 5.0;
				TARGETED_DEVICE_FAMILY = "1,2";
				TEST_HOST = "$(BUILT_PRODUCTS_DIR)/WeatherStation.app/$(BUNDLE_EXECUTABLE_FOLDER_PATH)/WeatherStation";
			};
			name = Debug;
		};
		455D081629732B4B00D56344 /* Release */ = {
			isa = XCBuildConfiguration;
			buildSettings = {
				ALWAYS_EMBED_SWIFT_STANDARD_LIBRARIES = YES;
				BUNDLE_LOADER = "$(TEST_HOST)";
				CODE_SIGN_STYLE = Automatic;
				CURRENT_PROJECT_VERSION = 1;
				DEVELOPMENT_TEAM = 3BY4XC4687;
				GENERATE_INFOPLIST_FILE = YES;
				IPHONEOS_DEPLOYMENT_TARGET = 16.2;
				MARKETING_VERSION = 1.0;
				PRODUCT_BUNDLE_IDENTIFIER = com.ShawnSeals.WeatherStationTests;
				PRODUCT_NAME = "$(TARGET_NAME)";
				SWIFT_EMIT_LOC_STRINGS = NO;
				SWIFT_VERSION = 5.0;
				TARGETED_DEVICE_FAMILY = "1,2";
				TEST_HOST = "$(BUILT_PRODUCTS_DIR)/WeatherStation.app/$(BUNDLE_EXECUTABLE_FOLDER_PATH)/WeatherStation";
			};
			name = Release;
		};
/* End XCBuildConfiguration section */

/* Begin XCConfigurationList section */
		455D07E829732B4800D56344 /* Build configuration list for PBXProject "WeatherStation" */ = {
			isa = XCConfigurationList;
			buildConfigurations = (
				455D080F29732B4B00D56344 /* Debug */,
				455D081029732B4B00D56344 /* Release */,
			);
			defaultConfigurationIsVisible = 0;
			defaultConfigurationName = Release;
		};
		455D081129732B4B00D56344 /* Build configuration list for PBXNativeTarget "WeatherStation" */ = {
			isa = XCConfigurationList;
			buildConfigurations = (
				455D081229732B4B00D56344 /* Debug */,
				455D081329732B4B00D56344 /* Release */,
			);
			defaultConfigurationIsVisible = 0;
			defaultConfigurationName = Release;
		};
		455D081429732B4B00D56344 /* Build configuration list for PBXNativeTarget "WeatherStationTests" */ = {
			isa = XCConfigurationList;
			buildConfigurations = (
				455D081529732B4B00D56344 /* Debug */,
				455D081629732B4B00D56344 /* Release */,
			);
			defaultConfigurationIsVisible = 0;
			defaultConfigurationName = Release;
		};
/* End XCConfigurationList section */

/* Begin XCRemoteSwiftPackageReference section */
		455D081A29732D3B00D56344 /* XCRemoteSwiftPackageReference "Factory" */ = {
			isa = XCRemoteSwiftPackageReference;
			repositoryURL = "https://github.com/hmlongco/Factory";
			requirement = {
				kind = upToNextMajorVersion;
				minimumVersion = 1.0.0;
			};
		};
		455D08372973334600D56344 /* XCRemoteSwiftPackageReference "mockingbird" */ = {
			isa = XCRemoteSwiftPackageReference;
			repositoryURL = "https://github.com/birdrides/mockingbird";
			requirement = {
				kind = upToNextMinorVersion;
				minimumVersion = 0.20.0;
			};
		};
/* End XCRemoteSwiftPackageReference section */

/* Begin XCSwiftPackageProductDependency section */
		455D081B29732D3B00D56344 /* Factory */ = {
			isa = XCSwiftPackageProductDependency;
			package = 455D081A29732D3B00D56344 /* XCRemoteSwiftPackageReference "Factory" */;
			productName = Factory;
		};
		455D08382973334600D56344 /* Mockingbird */ = {
			isa = XCSwiftPackageProductDependency;
			package = 455D08372973334600D56344 /* XCRemoteSwiftPackageReference "mockingbird" */;
			productName = Mockingbird;
		};
/* End XCSwiftPackageProductDependency section */
	};
	rootObject = 455D07E529732B4800D56344 /* Project object */;
}
